
Microsoft Visual Studio Solution File, Format Version 12.00
# Visual Studio Version 17
VisualStudioVersion = 17.6.33723.286
MinimumVisualStudioVersion = 10.0.40219.1
Project("{FAE04EC0-301F-11D3-BF4B-00C04F79EFBC}") = "Book Store Website", "Book Store Website\Book Store Website.csproj", "{C882D077-1790-4838-8AD8-67C6C92C1234}"
EndProject
Global
	GlobalSection(SolutionConfigurationPlatforms) = preSolution
		Debug|Any CPU = Debug|Any CPU
		Release|Any CPU = Release|Any CPU
	EndGlobalSection
	GlobalSection(ProjectConfigurationPlatforms) = postSolution
		{C882D077-1790-4838-8AD8-67C6C92C1234}.Debug|Any CPU.ActiveCfg = Debug|Any CPU
		{C882D077-1790-4838-8AD8-67C6C92C1234}.Debug|Any CPU.Build.0 = Debug|Any CPU
		{C882D077-1790-4838-8AD8-67C6C92C1234}.Release|Any CPU.ActiveCfg = Release|Any CPU
		{C882D077-1790-4838-8AD8-67C6C92C1234}.Release|Any CPU.Build.0 = Release|Any CPU
	EndGlobalSection
	GlobalSection(SolutionProperties) = preSolution
		HideSolutionNode = FALSE
	EndGlobalSection
	GlobalSection(ExtensibilityGlobals) = postSolution
		SolutionGuid = {6383A63A-D3F0-441F-9CC7-A32F287A2EC3}
	EndGlobalSection
EndGlobal
